
Microsoft Visual Studio Solution File, Format Version 12.00
# Visual Studio Version 17
VisualStudioVersion = 17.8.34525.116
MinimumVisualStudioVersion = 10.0.40219.1
Project("{FAE04EC0-301F-11D3-BF4B-00C04F79EFBC}") = "First Unique Character in a String", "First Unique Character in a String.csproj", "{5E53F390-6799-448E-A8DC-65C5DBE2EDBB}"
EndProject
Global
	GlobalSection(SolutionConfigurationPlatforms) = preSolution
		Debug|Any CPU = Debug|Any CPU
		Release|Any CPU = Release|Any CPU
	EndGlobalSection
	GlobalSection(ProjectConfigurationPlatforms) = postSolution
		{5E53F390-6799-448E-A8DC-65C5DBE2EDBB}.Debug|Any CPU.ActiveCfg = Debug|Any CPU
		{5E53F390-6799-448E-A8DC-65C5DBE2EDBB}.Debug|Any CPU.Build.0 = Debug|Any CPU
		{5E53F390-6799-448E-A8DC-65C5DBE2EDBB}.Release|Any CPU.ActiveCfg = Release|Any CPU
		{5E53F390-6799-448E-A8DC-65C5DBE2EDBB}.Release|Any CPU.Build.0 = Release|Any CPU
	EndGlobalSection
	GlobalSection(SolutionProperties) = preSolution
		HideSolutionNode = FALSE
	EndGlobalSection
	GlobalSection(ExtensibilityGlobals) = postSolution
		SolutionGuid = {750A4DB7-3446-480F-B32E-98745CAB5854}
	EndGlobalSection
EndGlobal
